// !$*UTF8*$!
{
	archiveVersion = 1;
	classes = {
	};
	objectVersion = 46;
	objects = {

/* Begin PBXBuildFile section */
		087F789F1B031E020042DCE4 /* main.m in Sources */ = {isa = PBXBuildFile; fileRef = 087F789E1B031E020042DCE4 /* main.m */; };
		087F78A21B031E020042DCE4 /* AppDelegate.m in Sources */ = {isa = PBXBuildFile; fileRef = 087F78A11B031E020042DCE4 /* AppDelegate.m */; };
		087F78A51B031E020042DCE4 /* ViewController.m in Sources */ = {isa = PBXBuildFile; fileRef = 087F78A41B031E020042DCE4 /* ViewController.m */; };
		087F78A81B031E020042DCE4 /* Main.storyboard in Resources */ = {isa = PBXBuildFile; fileRef = 087F78A61B031E020042DCE4 /* Main.storyboard */; };
		087F78AA1B031E020042DCE4 /* Images.xcassets in Resources */ = {isa = PBXBuildFile; fileRef = 087F78A91B031E020042DCE4 /* Images.xcassets */; };
		087F78AD1B031E020042DCE4 /* LaunchScreen.xib in Resources */ = {isa = PBXBuildFile; fileRef = 087F78AB1B031E020042DCE4 /* LaunchScreen.xib */; };
		087F78B91B031E020042DCE4 /* ofilmbaoTests.m in Sources */ = {isa = PBXBuildFile; fileRef = 087F78B81B031E020042DCE4 /* ofilmbaoTests.m */; };
/* End PBXBuildFile section */

/* Begin PBXContainerItemProxy section */
		087F78B31B031E020042DCE4 /* PBXContainerItemProxy */ = {
			isa = PBXContainerItemProxy;
			containerPortal = 087F78911B031E010042DCE4 /* Project object */;
			proxyType = 1;
			remoteGlobalIDString = 087F78981B031E010042DCE4;
			remoteInfo = ofilmbao;
		};
/* End PBXContainerItemProxy section */

/* Begin PBXFileReference section */
		087F78991B031E010042DCE4 /* ofilmbao.app */ = {isa = PBXFileReference; explicitFileType = wrapper.application; includeInIndex = 0; path = ofilmbao.app; sourceTree = BUILT_PRODUCTS_DIR; };
		087F789D1B031E020042DCE4 /* Info.plist */ = {isa = PBXFileReference; lastKnownFileType = text.plist.xml; path = Info.plist; sourceTree = "<group>"; };
		087F789E1B031E020042DCE4 /* main.m */ = {isa = PBXFileReference; lastKnownFileType = sourcecode.c.objc; path = main.m; sourceTree = "<group>"; };
		087F78A01B031E020042DCE4 /* AppDelegate.h */ = {isa = PBXFileReference; lastKnownFileType = sourcecode.c.h; path = AppDelegate.h; sourceTree = "<group>"; };
		087F78A11B031E020042DCE4 /* AppDelegate.m */ = {isa = PBXFileReference; lastKnownFileType = sourcecode.c.objc; path = AppDelegate.m; sourceTree = "<group>"; };
		087F78A31B031E020042DCE4 /* ViewController.h */ = {isa = PBXFileReference; lastKnownFileType = sourcecode.c.h; path = ViewController.h; sourceTree = "<group>"; };
		087F78A41B031E020042DCE4 /* ViewController.m */ = {isa = PBXFileReference; lastKnownFileType = sourcecode.c.objc; path = ViewController.m; sourceTree = "<group>"; };
		087F78A71B031E020042DCE4 /* Base */ = {isa = PBXFileReference; lastKnownFileType = file.storyboard; name = Base; path = Base.lproj/Main.storyboard; sourceTree = "<group>"; };
		087F78A91B031E020042DCE4 /* Images.xcassets */ = {isa = PBXFileReference; lastKnownFileType = folder.assetcatalog; path = Images.xcassets; sourceTree = "<group>"; };
		087F78AC1B031E020042DCE4 /* Base */ = {isa = PBXFileReference; lastKnownFileType = file.xib; name = Base; path = Base.lproj/LaunchScreen.xib; sourceTree = "<group>"; };
		087F78B21B031E020042DCE4 /* ofilmbaoTests.xctest */ = {isa = PBXFileReference; explicitFileType = wrapper.cfbundle; includeInIndex = 0; path = ofilmbaoTests.xctest; sourceTree = BUILT_PRODUCTS_DIR; };
		087F78B71B031E020042DCE4 /* Info.plist */ = {isa = PBXFileReference; lastKnownFileType = text.plist.xml; path = Info.plist; sourceTree = "<group>"; };
		087F78B81B031E020042DCE4 /* ofilmbaoTests.m */ = {isa = PBXFileReference; lastKnownFileType = sourcecode.c.objc; path = ofilmbaoTests.m; sourceTree = "<group>"; };
/* End PBXFileReference section */

/* Begin PBXFrameworksBuildPhase section */
		087F78961B031E010042DCE4 /* Frameworks */ = {
			isa = PBXFrameworksBuildPhase;
			buildActionMask = 2147483647;
			files = (
			);
			runOnlyForDeploymentPostprocessing = 0;
		};
		087F78AF1B031E020042DCE4 /* Frameworks */ = {
			isa = PBXFrameworksBuildPhase;
			buildActionMask = 2147483647;
			files = (
			);
			runOnlyForDeploymentPostprocessing = 0;
		};
/* End PBXFrameworksBuildPhase section */

/* Begin PBXGroup section */
		087F78901B031E010042DCE4 = {
			isa = PBXGroup;
			children = (
				087F789B1B031E010042DCE4 /* ofilmbao */,
				087F78B51B031E020042DCE4 /* ofilmbaoTests */,
				087F789A1B031E010042DCE4 /* Products */,
			);
			sourceTree = "<group>";
		};
		087F789A1B031E010042DCE4 /* Products */ = {
			isa = PBXGroup;
			children = (
				087F78991B031E010042DCE4 /* ofilmbao.app */,
				087F78B21B031E020042DCE4 /* ofilmbaoTests.xctest */,
			);
			name = Products;
			sourceTree = "<group>";
		};
		087F789B1B031E010042DCE4 /* ofilmbao */ = {
			isa = PBXGroup;
			children = (
				087F78A01B031E020042DCE4 /* AppDelegate.h */,
				087F78A11B031E020042DCE4 /* AppDelegate.m */,
				087F78A31B031E020042DCE4 /* ViewController.h */,
				087F78A41B031E020042DCE4 /* ViewController.m */,
				087F78A61B031E020042DCE4 /* Main.storyboard */,
				087F78A91B031E020042DCE4 /* Images.xcassets */,
				087F78AB1B031E020042DCE4 /* LaunchScreen.xib */,
				087F789C1B031E020042DCE4 /* Supporting Files */,
			);
			path = ofilmbao;
			sourceTree = "<group>";
		};
		087F789C1B031E020042DCE4 /* Supporting Files */ = {
			isa = PBXGroup;
			children = (
				087F789D1B031E020042DCE4 /* Info.plist */,
				087F789E1B031E020042DCE4 /* main.m */,
			);
			name = "Supporting Files";
			sourceTree = "<group>";
		};
		087F78B51B031E020042DCE4 /* ofilmbaoTests */ = {
			isa = PBXGroup;
			children = (
				087F78B81B031E020042DCE4 /* ofilmbaoTests.m */,
				087F78B61B031E020042DCE4 /* Supporting Files */,
			);
			path = ofilmbaoTests;
			sourceTree = "<group>";
		};
		087F78B61B031E020042DCE4 /* Supporting Files */ = {
			isa = PBXGroup;
			children = (
				087F78B71B031E020042DCE4 /* Info.plist */,
			);
			name = "Supporting Files";
			sourceTree = "<group>";
		};
/* End PBXGroup section */

/* Begin PBXNativeTarget section */
		087F78981B031E010042DCE4 /* ofilmbao */ = {
			isa = PBXNativeTarget;
			buildConfigurationList = 087F78BC1B031E020042DCE4 /* Build configuration list for PBXNativeTarget "ofilmbao" */;
			buildPhases = (
				087F78951B031E010042DCE4 /* Sources */,
				087F78961B031E010042DCE4 /* Frameworks */,
				087F78971B031E010042DCE4 /* Resources */,
			);
			buildRules = (
			);
			dependencies = (
			);
			name = ofilmbao;
			productName = ofilmbao;
			productReference = 087F78991B031E010042DCE4 /* ofilmbao.app */;
			productType = "com.apple.product-type.application";
		};
		087F78B11B031E020042DCE4 /* ofilmbaoTests */ = {
			isa = PBXNativeTarget;
			buildConfigurationList = 087F78BF1B031E020042DCE4 /* Build configuration list for PBXNativeTarget "ofilmbaoTests" */;
			buildPhases = (
				087F78AE1B031E020042DCE4 /* Sources */,
				087F78AF1B031E020042DCE4 /* Frameworks */,
				087F78B01B031E020042DCE4 /* Resources */,
			);
			buildRules = (
			);
			dependencies = (
				087F78B41B031E020042DCE4 /* PBXTargetDependency */,
			);
			name = ofilmbaoTests;
			productName = ofilmbaoTests;
			productReference = 087F78B21B031E020042DCE4 /* ofilmbaoTests.xctest */;
			productType = "com.apple.product-type.bundle.unit-test";
		};
/* End PBXNativeTarget section */

/* Begin PBXProject section */
		087F78911B031E010042DCE4 /* Project object */ = {
			isa = PBXProject;
			attributes = {
				LastUpgradeCheck = 0610;
				ORGANIZATIONNAME = ofilm;
				TargetAttributes = {
					087F78981B031E010042DCE4 = {
						CreatedOnToolsVersion = 6.1;
					};
					087F78B11B031E020042DCE4 = {
						CreatedOnToolsVersion = 6.1;
						TestTargetID = 087F78981B031E010042DCE4;
					};
				};
			};
			buildConfigurationList = 087F78941B031E010042DCE4 /* Build configuration list for PBXProject "ofilmbao" */;
			compatibilityVersion = "Xcode 3.2";
			developmentRegion = English;
			hasScannedForEncodings = 0;
			knownRegions = (
				en,
				Base,
			);
			mainGroup = 087F78901B031E010042DCE4;
			productRefGroup = 087F789A1B031E010042DCE4 /* Products */;
			projectDirPath = "";
			projectRoot = "";
			targets = (
				087F78981B031E010042DCE4 /* ofilmbao */,
				087F78B11B031E020042DCE4 /* ofilmbaoTests */,
			);
		};
/* End PBXProject section */

/* Begin PBXResourcesBuildPhase section */
		087F78971B031E010042DCE4 /* Resources */ = {
			isa = PBXResourcesBuildPhase;
			buildActionMask = 2147483647;
			files = (
				087F78A81B031E020042DCE4 /* Main.storyboard in Resources */,
				087F78AD1B031E020042DCE4 /* LaunchScreen.xib in Resources */,
				087F78AA1B031E020042DCE4 /* Images.xcassets in Resources */,
			);
			runOnlyForDeploymentPostprocessing = 0;
		};
		087F78B01B031E020042DCE4 /* Resources */ = {
			isa = PBXResourcesBuildPhase;
			buildActionMask = 2147483647;
			files = (
			);
			runOnlyForDeploymentPostprocessing = 0;
		};
/* End PBXResourcesBuildPhase section */

/* Begin PBXSourcesBuildPhase section */
		087F78951B031E010042DCE4 /* Sources */ = {
			isa = PBXSourcesBuildPhase;
			buildActionMask = 2147483647;
			files = (
				087F78A51B031E020042DCE4 /* ViewController.m in Sources */,
				087F78A21B031E020042DCE4 /* AppDelegate.m in Sources */,
				087F789F1B031E020042DCE4 /* main.m in Sources */,
			);
			runOnlyForDeploymentPostprocessing = 0;
		};
		087F78AE1B031E020042DCE4 /* Sources */ = {
			isa = PBXSourcesBuildPhase;
			buildActionMask = 2147483647;
			files = (
				087F78B91B031E020042DCE4 /* ofilmbaoTests.m in Sources */,
			);
			runOnlyForDeploymentPostprocessing = 0;
		};
/* End PBXSourcesBuildPhase section */

/* Begin PBXTargetDependency section */
		087F78B41B031E020042DCE4 /* PBXTargetDependency */ = {
			isa = PBXTargetDependency;
			target = 087F78981B031E010042DCE4 /* ofilmbao */;
			targetProxy = 087F78B31B031E020042DCE4 /* PBXContainerItemProxy */;
		};
/* End PBXTargetDependency section */

/* Begin PBXVariantGroup section */
		087F78A61B031E020042DCE4 /* Main.storyboard */ = {
			isa = PBXVariantGroup;
			children = (
				087F78A71B031E020042DCE4 /* Base */,
			);
			name = Main.storyboard;
			sourceTree = "<group>";
		};
		087F78AB1B031E020042DCE4 /* LaunchScreen.xib */ = {
			isa = PBXVariantGroup;
			children = (
				087F78AC1B031E020042DCE4 /* Base */,
			);
			name = LaunchScreen.xib;
			sourceTree = "<group>";
		};
/* End PBXVariantGroup section */

/* Begin XCBuildConfiguration section */
		087F78BA1B031E020042DCE4 /* Debug */ = {
			isa = XCBuildConfiguration;
			buildSettings = {
				ALWAYS_SEARCH_USER_PATHS = NO;
				CLANG_CXX_LANGUAGE_STANDARD = "gnu++0x";
				CLANG_CXX_LIBRARY = "libc++";
				CLANG_ENABLE_MODULES = YES;
				CLANG_ENABLE_OBJC_ARC = YES;
				CLANG_WARN_BOOL_CONVERSION = YES;
				CLANG_WARN_CONSTANT_CONVERSION = YES;
				CLANG_WARN_DIRECT_OBJC_ISA_USAGE = YES_ERROR;
				CLANG_WARN_EMPTY_BODY = YES;
				CLANG_WARN_ENUM_CONVERSION = YES;
				CLANG_WARN_INT_CONVERSION = YES;
				CLANG_WARN_OBJC_ROOT_CLASS = YES_ERROR;
				CLANG_WARN_UNREACHABLE_CODE = YES;
				CLANG_WARN__DUPLICATE_METHOD_MATCH = YES;
				"CODE_SIGN_IDENTITY[sdk=iphoneos*]" = "iPhone Developer";
				COPY_PHASE_STRIP = NO;
				ENABLE_STRICT_OBJC_MSGSEND = YES;
				GCC_C_LANGUAGE_STANDARD = gnu99;
				GCC_DYNAMIC_NO_PIC = NO;
				GCC_OPTIMIZATION_LEVEL = 0;
				GCC_PREPROCESSOR_DEFINITIONS = (
					"DEBUG=1",
					"$(inherited)",
				);
				GCC_SYMBOLS_PRIVATE_EXTERN = NO;
				GCC_WARN_64_TO_32_BIT_CONVERSION = YES;
				GCC_WARN_ABOUT_RETURN_TYPE = YES_ERROR;
				GCC_WARN_UNDECLARED_SELECTOR = YES;
				GCC_WARN_UNINITIALIZED_AUTOS = YES_AGGRESSIVE;
				GCC_WARN_UNUSED_FUNCTION = YES;
				GCC_WARN_UNUSED_VARIABLE = YES;
				IPHONEOS_DEPLOYMENT_TARGET = 8.1;
				MTL_ENABLE_DEBUG_INFO = YES;
				ONLY_ACTIVE_ARCH = YES;
				SDKROOT = iphoneos;
			};
			name = Debug;
		};
		087F78BB1B031E020042DCE4 /* Release */ = {
			isa = XCBuildConfiguration;
			buildSettings = {
				ALWAYS_SEARCH_USER_PATHS = NO;
				CLANG_CXX_LANGUAGE_STANDARD = "gnu++0x";
				CLANG_CXX_LIBRARY = "libc++";
				CLANG_ENABLE_MODULES = YES;
				CLANG_ENABLE_OBJC_ARC = YES;
				CLANG_WARN_BOOL_CONVERSION = YES;
				CLANG_WARN_CONSTANT_CONVERSION = YES;
				CLANG_WARN_DIRECT_OBJC_ISA_USAGE = YES_ERROR;
				CLANG_WARN_EMPTY_BODY = YES;
				CLANG_WARN_ENUM_CONVERSION = YES;
				CLANG_WARN_INT_CONVERSION = YES;
				CLANG_WARN_OBJC_ROOT_CLASS = YES_ERROR;
				CLANG_WARN_UNREACHABLE_CODE = YES;
				CLANG_WARN__DUPLICATE_METHOD_MATCH = YES;
				"CODE_SIGN_IDENTITY[sdk=iphoneos*]" = "iPhone Developer";
				COPY_PHASE_STRIP = YES;
				ENABLE_NS_ASSERTIONS = NO;
				ENABLE_STRICT_OBJC_MSGSEND = YES;
				GCC_C_LANGUAGE_STANDARD = gnu99;
				GCC_WARN_64_TO_32_BIT_CONVERSION = YES;
				GCC_WARN_ABOUT_RETURN_TYPE = YES_ERROR;
				GCC_WARN_UNDECLARED_SELECTOR = YES;
				GCC_WARN_UNINITIALIZED_AUTOS = YES_AGGRESSIVE;
				GCC_WARN_UNUSED_FUNCTION = YES;
				GCC_WARN_UNUSED_VARIABLE = YES;
				IPHONEOS_DEPLOYMENT_TARGET = 8.1;
				MTL_ENABLE_DEBUG_INFO = NO;
				SDKROOT = iphoneos;
				VALIDATE_PRODUCT = YES;
			};
			name = Release;
		};
		087F78BD1B031E020042DCE4 /* Debug */ = {
			isa = XCBuildConfiguration;
			buildSettings = {
				ASSETCATALOG_COMPILER_APPICON_NAME = AppIcon;
				INFOPLIST_FILE = ofilmbao/Info.plist;
				LD_RUNPATH_SEARCH_PATHS = "$(inherited) @executable_path/Frameworks";
				PRODUCT_NAME = "$(TARGET_NAME)";
			};
			name = Debug;
		};
		087F78BE1B031E020042DCE4 /* Release */ = {
			isa = XCBuildConfiguration;
			buildSettings = {
				ASSETCATALOG_COMPILER_APPICON_NAME = AppIcon;
				INFOPLIST_FILE = ofilmbao/Info.plist;
				LD_RUNPATH_SEARCH_PATHS = "$(inherited) @executable_path/Frameworks";
				PRODUCT_NAME = "$(TARGET_NAME)";
			};
			name = Release;
		};
		087F78C01B031E020042DCE4 /* Debug */ = {
			isa = XCBuildConfiguration;
			buildSettings = {
				BUNDLE_LOADER = "$(TEST_HOST)";
				FRAMEWORK_SEARCH_PATHS = (
					"$(SDKROOT)/Developer/Library/Frameworks",
					"$(inherited)",
				);
				GCC_PREPROCESSOR_DEFINITIONS = (
					"DEBUG=1",
					"$(inherited)",
				);
				INFOPLIST_FILE = ofilmbaoTests/Info.plist;
				LD_RUNPATH_SEARCH_PATHS = "$(inherited) @executable_path/Frameworks @loader_path/Frameworks";
				PRODUCT_NAME = "$(TARGET_NAME)";
				TEST_HOST = "$(BUILT_PRODUCTS_DIR)/ofilmbao.app/ofilmbao";
			};
			name = Debug;
		};
		087F78C11B031E020042DCE4 /* Release */ = {
			isa = XCBuildConfiguration;
			buildSettings = {
				BUNDLE_LOADER = "$(TEST_HOST)";
				FRAMEWORK_SEARCH_PATHS = (
					"$(SDKROOT)/Developer/Library/Frameworks",
					"$(inherited)",
				);
				INFOPLIST_FILE = ofilmbaoTests/Info.plist;
				LD_RUNPATH_SEARCH_PATHS = "$(inherited) @executable_path/Frameworks @loader_path/Frameworks";
				PRODUCT_NAME = "$(TARGET_NAME)";
				TEST_HOST = "$(BUILT_PRODUCTS_DIR)/ofilmbao.app/ofilmbao";
			};
			name = Release;
		};
/* End XCBuildConfiguration section */

/* Begin XCConfigurationList section */
		087F78941B031E010042DCE4 /* Build configuration list for PBXProject "ofilmbao" */ = {
			isa = XCConfigurationList;
			buildConfigurations = (
				087F78BA1B031E020042DCE4 /* Debug */,
				087F78BB1B031E020042DCE4 /* Release */,
			);
			defaultConfigurationIsVisible = 0;
			defaultConfigurationName = Release;
		};
		087F78BC1B031E020042DCE4 /* Build configuration list for PBXNativeTarget "ofilmbao" */ = {
			isa = XCConfigurationList;
			buildConfigurations = (
				087F78BD1B031E020042DCE4 /* Debug */,
				087F78BE1B031E020042DCE4 /* Release */,
			);
			defaultConfigurationIsVisible = 0;
		};
		087F78BF1B031E020042DCE4 /* Build configuration list for PBXNativeTarget "ofilmbaoTests" */ = {
			isa = XCConfigurationList;
			buildConfigurations = (
				087F78C01B031E020042DCE4 /* Debug */,
				087F78C11B031E020042DCE4 /* Release */,
			);
			defaultConfigurationIsVisible = 0;
		};
/* End XCConfigurationList section */
	};
	rootObject = 087F78911B031E010042DCE4 /* Project object */;
}
